schema: '2.0'
stages:
  stage_01:
    cmd: python3 stage_01.py
    deps:
    - path: stage_01.py
      md5: f0dcd4abf3ed9e8c421cd94693c2a42c
      size: 434
    outs:
    - path: artifacts_01.txt
      md5: 9f0a6aa2d6cdc41414df8a986bb7af09
      size: 38
  stage_03:
    cmd: python3 stage_03.py
    deps:
    - path: artifacts_01.txt
      md5: 9f0a6aa2d6cdc41414df8a986bb7af09
      size: 38
    - path: stage_01.py
      md5: f0dcd4abf3ed9e8c421cd94693c2a42c
      size: 434
    - path: stage_03.py
      md5: 344d041b2f763a0d823461be21bbf03f
      size: 459
    outs:
    - path: artifacts_02.txt
      md5: 387ae40d3d6e03dbbd83e99a4d057514
      size: 41
  stage_02:
    cmd: python3 stage_02.py
    deps:
    - path: artifacts_01.txt
      md5: 9f0a6aa2d6cdc41414df8a986bb7af09
      size: 38
    - path: stage_01.py
      md5: f0dcd4abf3ed9e8c421cd94693c2a42c
      size: 434
    - path: stage_02.py
      md5: 427261cd92d7169bbbed6532dbbca1d6
      size: 349
  stage_04:
    cmd: python3 stage_04.py
    deps:
    - path: artifacts_01.txt
      md5: 9f0a6aa2d6cdc41414df8a986bb7af09
      size: 38
    - path: artifacts_02.txt
      md5: 387ae40d3d6e03dbbd83e99a4d057514
      size: 41
    - path: stage_01.py
      md5: f0dcd4abf3ed9e8c421cd94693c2a42c
      size: 434
    - path: stage_03.py
      md5: 344d041b2f763a0d823461be21bbf03f
      size: 459
    - path: stage_04.py
      md5: cbb2775c284e8b9cf8f40f71c50f0b89
      size: 423
